
Microsoft Visual Studio Solution File, Format Version 12.00
# Visual Studio Version 17
VisualStudioVersion = 17.1.32228.430
MinimumVisualStudioVersion = 10.0.40219.1
Project("{FAE04EC0-301F-11D3-BF4B-00C04F79EFBC}") = "rabbitqm", "rabbitqm\rabbitqm.csproj", "{2B6D590E-23FA-4964-A302-EF896AB4C505}"
EndProject
Project("{FAE04EC0-301F-11D3-BF4B-00C04F79EFBC}") = "Consumer", "Consumer\Consumer.csproj", "{6F65FA8B-D606-4FA3-922A-BD617FECBA4F}"
EndProject
Global
	GlobalSection(SolutionConfigurationPlatforms) = preSolution
		Debug|Any CPU = Debug|Any CPU
		Release|Any CPU = Release|Any CPU
	EndGlobalSection
	GlobalSection(ProjectConfigurationPlatforms) = postSolution
		{2B6D590E-23FA-4964-A302-EF896AB4C505}.Debug|Any CPU.ActiveCfg = Debug|Any CPU
		{2B6D590E-23FA-4964-A302-EF896AB4C505}.Debug|Any CPU.Build.0 = Debug|Any CPU
		{2B6D590E-23FA-4964-A302-EF896AB4C505}.Release|Any CPU.ActiveCfg = Release|Any CPU
		{2B6D590E-23FA-4964-A302-EF896AB4C505}.Release|Any CPU.Build.0 = Release|Any CPU
		{6F65FA8B-D606-4FA3-922A-BD617FECBA4F}.Debug|Any CPU.ActiveCfg = Debug|Any CPU
		{6F65FA8B-D606-4FA3-922A-BD617FECBA4F}.Debug|Any CPU.Build.0 = Debug|Any CPU
		{6F65FA8B-D606-4FA3-922A-BD617FECBA4F}.Release|Any CPU.ActiveCfg = Release|Any CPU
		{6F65FA8B-D606-4FA3-922A-BD617FECBA4F}.Release|Any CPU.Build.0 = Release|Any CPU
	EndGlobalSection
	GlobalSection(SolutionProperties) = preSolution
		HideSolutionNode = FALSE
	EndGlobalSection
	GlobalSection(ExtensibilityGlobals) = postSolution
		SolutionGuid = {01280E2F-A531-4B2C-8601-D5E62E1A1051}
	EndGlobalSection
EndGlobal
